
Microsoft Visual Studio Solution File, Format Version 12.00
# Visual Studio Version 17
VisualStudioVersion = 17.2.32630.192
MinimumVisualStudioVersion = 10.0.40219.1
Project("{2150E333-8FDC-42A3-9474-1A3956D46DE8}") = "BackEnd", "BackEnd", "{A8841DF0-6302-4FA4-A1D8-A2E3DA613145}"
EndProject
Project("{9A19103F-16F7-4668-BE54-9A1E7A4F7556}") = "AutoSearch.Api.Search", "AutoSearch.Api.Search\AutoSearch.Api.Search.csproj", "{F75FB789-7B8F-433B-826B-DD1CB5128717}"
EndProject
Project("{2150E333-8FDC-42A3-9474-1A3956D46DE8}") = "FrontEnd", "FrontEnd", "{B0551364-1673-4A1A-AF51-4B70DD6C8B14}"
EndProject
Project("{E24C65DC-7377-472B-9ABA-BC803B73C61A}") = "AutoSearch.Web", "AutoSearch.Web\", "{FD48D16A-168E-4B45-A7DC-44F270DF6214}"
	ProjectSection(WebsiteProperties) = preProject
		TargetFrameworkMoniker = ".NETFramework,Version%3Dv4.8"
		Debug.AspNetCompiler.VirtualPath = "/localhost_54362"
		Debug.AspNetCompiler.PhysicalPath = "AutoSearch.Web\"
		Debug.AspNetCompiler.TargetPath = "PrecompiledWeb\localhost_54362\"
		Debug.AspNetCompiler.Updateable = "true"
		Debug.AspNetCompiler.ForceOverwrite = "true"
		Debug.AspNetCompiler.FixedNames = "false"
		Debug.AspNetCompiler.Debug = "True"
		Release.AspNetCompiler.VirtualPath = "/localhost_54362"
		Release.AspNetCompiler.PhysicalPath = "AutoSearch.Web\"
		Release.AspNetCompiler.TargetPath = "PrecompiledWeb\localhost_54362\"
		Release.AspNetCompiler.Updateable = "true"
		Release.AspNetCompiler.ForceOverwrite = "true"
		Release.AspNetCompiler.FixedNames = "false"
		Release.AspNetCompiler.Debug = "False"
		VWDPort = "54362"
		SlnRelativePath = "AutoSearch.Web\"
	EndProjectSection
EndProject
Global
	GlobalSection(SolutionConfigurationPlatforms) = preSolution
		Debug|Any CPU = Debug|Any CPU
		Release|Any CPU = Release|Any CPU
	EndGlobalSection
	GlobalSection(ProjectConfigurationPlatforms) = postSolution
		{F75FB789-7B8F-433B-826B-DD1CB5128717}.Debug|Any CPU.ActiveCfg = Debug|Any CPU
		{F75FB789-7B8F-433B-826B-DD1CB5128717}.Debug|Any CPU.Build.0 = Debug|Any CPU
		{F75FB789-7B8F-433B-826B-DD1CB5128717}.Release|Any CPU.ActiveCfg = Release|Any CPU
		{F75FB789-7B8F-433B-826B-DD1CB5128717}.Release|Any CPU.Build.0 = Release|Any CPU
		{FD48D16A-168E-4B45-A7DC-44F270DF6214}.Debug|Any CPU.ActiveCfg = Debug|Any CPU
		{FD48D16A-168E-4B45-A7DC-44F270DF6214}.Debug|Any CPU.Build.0 = Debug|Any CPU
		{FD48D16A-168E-4B45-A7DC-44F270DF6214}.Release|Any CPU.ActiveCfg = Debug|Any CPU
		{FD48D16A-168E-4B45-A7DC-44F270DF6214}.Release|Any CPU.Build.0 = Debug|Any CPU
	EndGlobalSection
	GlobalSection(SolutionProperties) = preSolution
		HideSolutionNode = FALSE
	EndGlobalSection
	GlobalSection(NestedProjects) = preSolution
		{F75FB789-7B8F-433B-826B-DD1CB5128717} = {A8841DF0-6302-4FA4-A1D8-A2E3DA613145}
		{FD48D16A-168E-4B45-A7DC-44F270DF6214} = {B0551364-1673-4A1A-AF51-4B70DD6C8B14}
	EndGlobalSection
	GlobalSection(ExtensibilityGlobals) = postSolution
		SolutionGuid = {33BCE491-629B-4284-A2A8-BAA4B51E6313}
	EndGlobalSection
EndGlobal
